
Microsoft Visual Studio Solution File, Format Version 12.00
# Visual Studio Version 17
VisualStudioVersion = 17.6.33927.249
MinimumVisualStudioVersion = 10.0.40219.1
Project("{9A19103F-16F7-4668-BE54-9A1E7A4F7556}") = "ConnectToTemperatureDatabase", "ConnectToTemperatureDatabase\ConnectToTemperatureDatabase.csproj", "{7077BDCC-233A-49D5-8D0A-BC5DCE17C08D}"
EndProject
Project("{FAE04EC0-301F-11D3-BF4B-00C04F79EFBC}") = "ImportExcelToAzimut", "ImportExcelToAzimut\ImportExcelToAzimut.csproj", "{43F549DE-2C6C-4EC0-92DB-822E12DDFE04}"
EndProject
Project("{FAE04EC0-301F-11D3-BF4B-00C04F79EFBC}") = "AzimutExportClient", "AzimutExportClient\AzimutExportClient.csproj", "{599C3FB4-F12A-43B2-949F-B025811CB49D}"
EndProject
Global
	GlobalSection(SolutionConfigurationPlatforms) = preSolution
		Debug|Any CPU = Debug|Any CPU
		Release|Any CPU = Release|Any CPU
	EndGlobalSection
	GlobalSection(ProjectConfigurationPlatforms) = postSolution
		{7077BDCC-233A-49D5-8D0A-BC5DCE17C08D}.Debug|Any CPU.ActiveCfg = Debug|Any CPU
		{7077BDCC-233A-49D5-8D0A-BC5DCE17C08D}.Debug|Any CPU.Build.0 = Debug|Any CPU
		{7077BDCC-233A-49D5-8D0A-BC5DCE17C08D}.Release|Any CPU.ActiveCfg = Release|Any CPU
		{7077BDCC-233A-49D5-8D0A-BC5DCE17C08D}.Release|Any CPU.Build.0 = Release|Any CPU
		{43F549DE-2C6C-4EC0-92DB-822E12DDFE04}.Debug|Any CPU.ActiveCfg = Debug|Any CPU
		{43F549DE-2C6C-4EC0-92DB-822E12DDFE04}.Debug|Any CPU.Build.0 = Debug|Any CPU
		{43F549DE-2C6C-4EC0-92DB-822E12DDFE04}.Release|Any CPU.ActiveCfg = Release|Any CPU
		{43F549DE-2C6C-4EC0-92DB-822E12DDFE04}.Release|Any CPU.Build.0 = Release|Any CPU
		{599C3FB4-F12A-43B2-949F-B025811CB49D}.Debug|Any CPU.ActiveCfg = Debug|Any CPU
		{599C3FB4-F12A-43B2-949F-B025811CB49D}.Debug|Any CPU.Build.0 = Debug|Any CPU
		{599C3FB4-F12A-43B2-949F-B025811CB49D}.Release|Any CPU.ActiveCfg = Release|Any CPU
		{599C3FB4-F12A-43B2-949F-B025811CB49D}.Release|Any CPU.Build.0 = Release|Any CPU
	EndGlobalSection
	GlobalSection(SolutionProperties) = preSolution
		HideSolutionNode = FALSE
	EndGlobalSection
	GlobalSection(ExtensibilityGlobals) = postSolution
		SolutionGuid = {85F584E0-DCB7-4629-9CB1-0E16A09D87DA}
	EndGlobalSection
EndGlobal
